
Microsoft Visual Studio Solution File, Format Version 12.00
Project("{FAE04EC0-301F-11D3-BF4B-00C04F79EFBC}") = "FeatureExporter", "FeatureExporter\FeatureExporter.csproj", "{42866ACB-E2B5-41C4-89D2-FD323E4A058D}"
EndProject
Global
	GlobalSection(SolutionConfigurationPlatforms) = preSolution
		Debug|Any CPU = Debug|Any CPU
		Release|Any CPU = Release|Any CPU
	EndGlobalSection
	GlobalSection(ProjectConfigurationPlatforms) = postSolution
		{42866ACB-E2B5-41C4-89D2-FD323E4A058D}.Debug|Any CPU.ActiveCfg = Debug|Any CPU
		{42866ACB-E2B5-41C4-89D2-FD323E4A058D}.Debug|Any CPU.Build.0 = Debug|Any CPU
		{42866ACB-E2B5-41C4-89D2-FD323E4A058D}.Release|Any CPU.ActiveCfg = Release|Any CPU
		{42866ACB-E2B5-41C4-89D2-FD323E4A058D}.Release|Any CPU.Build.0 = Release|Any CPU
	EndGlobalSection
EndGlobal
